
Microsoft Visual Studio Solution File, Format Version 12.00
# Visual Studio Version 17
VisualStudioVersion = 17.5.002.0
MinimumVisualStudioVersion = 10.0.40219.1
Project("{2150E333-8FDC-42A3-9474-1A3956D46DE8}") = "src", "src", "{CF09906B-57DE-41ED-93BF-CCBB1FB00A94}"
EndProject
Project("{9A19103F-16F7-4668-BE54-9A1E7A4F7556}") = "WebApi", "src\Web\WebApi.csproj", "{FFB63858-DE49-4E02-BC25-2F9D18BD678A}"
EndProject
Project("{2150E333-8FDC-42A3-9474-1A3956D46DE8}") = "tests", "tests", "{D7C821EE-5101-42E0-A99F-5C54BF3100D6}"
EndProject
Project("{9A19103F-16F7-4668-BE54-9A1E7A4F7556}") = "Application.FunctionalTests", "tests\Application.FunctionalTests\Application.FunctionalTests.csproj", "{19B59137-7014-4451-A2F1-427194BD3FB9}"
EndProject
Project("{9A19103F-16F7-4668-BE54-9A1E7A4F7556}") = "Application.UnitTests", "tests\Application.UnitTests\Application.UnitTests.csproj", "{1E68DD46-E9B9-4784-872A-419541E08685}"
EndProject
Project("{9A19103F-16F7-4668-BE54-9A1E7A4F7556}") = "Architecture.Tests", "tests\Architecture.Tests\Architecture.Tests.csproj", "{1CBE6382-1D10-4E15-A2AE-70A28CDD550E}"
EndProject
Project("{2150E333-8FDC-42A3-9474-1A3956D46DE8}") = "core", "core", "{5BD06504-E726-413F-A168-9B6A3CEB12A4}"
EndProject
Project("{9A19103F-16F7-4668-BE54-9A1E7A4F7556}") = "Application", "src\core\Application\Application.csproj", "{CDA90589-0D22-4005-AACA-190E0E9C18D8}"
EndProject
Project("{9A19103F-16F7-4668-BE54-9A1E7A4F7556}") = "Domain", "src\core\Domain\Domain.csproj", "{5229B027-366D-465A-933E-9E00B6FED507}"
EndProject
Project("{2150E333-8FDC-42A3-9474-1A3956D46DE8}") = "external", "external", "{A238E0D3-8478-4EFC-AE32-F730A97DF495}"
EndProject
Project("{9A19103F-16F7-4668-BE54-9A1E7A4F7556}") = "Infrastructure", "src\external\Infrastructure\Infrastructure.csproj", "{AED4EB70-B1B5-4B80-B74F-7BFED89177AF}"
EndProject
Global
	GlobalSection(SolutionConfigurationPlatforms) = preSolution
		Debug|Any CPU = Debug|Any CPU
		Release|Any CPU = Release|Any CPU
	EndGlobalSection
	GlobalSection(ProjectConfigurationPlatforms) = postSolution
		{FFB63858-DE49-4E02-BC25-2F9D18BD678A}.Debug|Any CPU.ActiveCfg = Debug|Any CPU
		{FFB63858-DE49-4E02-BC25-2F9D18BD678A}.Debug|Any CPU.Build.0 = Debug|Any CPU
		{FFB63858-DE49-4E02-BC25-2F9D18BD678A}.Release|Any CPU.ActiveCfg = Release|Any CPU
		{FFB63858-DE49-4E02-BC25-2F9D18BD678A}.Release|Any CPU.Build.0 = Release|Any CPU
		{19B59137-7014-4451-A2F1-427194BD3FB9}.Debug|Any CPU.ActiveCfg = Debug|Any CPU
		{19B59137-7014-4451-A2F1-427194BD3FB9}.Debug|Any CPU.Build.0 = Debug|Any CPU
		{19B59137-7014-4451-A2F1-427194BD3FB9}.Release|Any CPU.ActiveCfg = Release|Any CPU
		{19B59137-7014-4451-A2F1-427194BD3FB9}.Release|Any CPU.Build.0 = Release|Any CPU
		{1E68DD46-E9B9-4784-872A-419541E08685}.Debug|Any CPU.ActiveCfg = Debug|Any CPU
		{1E68DD46-E9B9-4784-872A-419541E08685}.Debug|Any CPU.Build.0 = Debug|Any CPU
		{1E68DD46-E9B9-4784-872A-419541E08685}.Release|Any CPU.ActiveCfg = Release|Any CPU
		{1E68DD46-E9B9-4784-872A-419541E08685}.Release|Any CPU.Build.0 = Release|Any CPU
		{1CBE6382-1D10-4E15-A2AE-70A28CDD550E}.Debug|Any CPU.ActiveCfg = Debug|Any CPU
		{1CBE6382-1D10-4E15-A2AE-70A28CDD550E}.Debug|Any CPU.Build.0 = Debug|Any CPU
		{1CBE6382-1D10-4E15-A2AE-70A28CDD550E}.Release|Any CPU.ActiveCfg = Release|Any CPU
		{1CBE6382-1D10-4E15-A2AE-70A28CDD550E}.Release|Any CPU.Build.0 = Release|Any CPU
		{CDA90589-0D22-4005-AACA-190E0E9C18D8}.Debug|Any CPU.ActiveCfg = Debug|Any CPU
		{CDA90589-0D22-4005-AACA-190E0E9C18D8}.Debug|Any CPU.Build.0 = Debug|Any CPU
		{CDA90589-0D22-4005-AACA-190E0E9C18D8}.Release|Any CPU.ActiveCfg = Release|Any CPU
		{CDA90589-0D22-4005-AACA-190E0E9C18D8}.Release|Any CPU.Build.0 = Release|Any CPU
		{5229B027-366D-465A-933E-9E00B6FED507}.Debug|Any CPU.ActiveCfg = Debug|Any CPU
		{5229B027-366D-465A-933E-9E00B6FED507}.Debug|Any CPU.Build.0 = Debug|Any CPU
		{5229B027-366D-465A-933E-9E00B6FED507}.Release|Any CPU.ActiveCfg = Release|Any CPU
		{5229B027-366D-465A-933E-9E00B6FED507}.Release|Any CPU.Build.0 = Release|Any CPU
		{AED4EB70-B1B5-4B80-B74F-7BFED89177AF}.Debug|Any CPU.ActiveCfg = Debug|Any CPU
		{AED4EB70-B1B5-4B80-B74F-7BFED89177AF}.Debug|Any CPU.Build.0 = Debug|Any CPU
		{AED4EB70-B1B5-4B80-B74F-7BFED89177AF}.Release|Any CPU.ActiveCfg = Release|Any CPU
		{AED4EB70-B1B5-4B80-B74F-7BFED89177AF}.Release|Any CPU.Build.0 = Release|Any CPU
	EndGlobalSection
	GlobalSection(SolutionProperties) = preSolution
		HideSolutionNode = FALSE
	EndGlobalSection
	GlobalSection(NestedProjects) = preSolution
		{FFB63858-DE49-4E02-BC25-2F9D18BD678A} = {CF09906B-57DE-41ED-93BF-CCBB1FB00A94}
		{19B59137-7014-4451-A2F1-427194BD3FB9} = {D7C821EE-5101-42E0-A99F-5C54BF3100D6}
		{1E68DD46-E9B9-4784-872A-419541E08685} = {D7C821EE-5101-42E0-A99F-5C54BF3100D6}
		{1CBE6382-1D10-4E15-A2AE-70A28CDD550E} = {D7C821EE-5101-42E0-A99F-5C54BF3100D6}
		{5BD06504-E726-413F-A168-9B6A3CEB12A4} = {CF09906B-57DE-41ED-93BF-CCBB1FB00A94}
		{CDA90589-0D22-4005-AACA-190E0E9C18D8} = {5BD06504-E726-413F-A168-9B6A3CEB12A4}
		{5229B027-366D-465A-933E-9E00B6FED507} = {5BD06504-E726-413F-A168-9B6A3CEB12A4}
		{A238E0D3-8478-4EFC-AE32-F730A97DF495} = {CF09906B-57DE-41ED-93BF-CCBB1FB00A94}
		{AED4EB70-B1B5-4B80-B74F-7BFED89177AF} = {A238E0D3-8478-4EFC-AE32-F730A97DF495}
	EndGlobalSection
	GlobalSection(ExtensibilityGlobals) = postSolution
		SolutionGuid = {366C6B4C-701F-4AC4-BAC5-8D14440AEC71}
	EndGlobalSection
EndGlobal
