
Microsoft Visual Studio Solution File, Format Version 12.00
# Visual Studio Version 17
VisualStudioVersion = 17.5.002.0
MinimumVisualStudioVersion = 10.0.40219.1
Project("{2150E333-8FDC-42A3-9474-1A3956D46DE8}") = "src", "src", "{E4C53B12-C291-490F-89BC-ED7DF04B8485}"
EndProject
Project("{9A19103F-16F7-4668-BE54-9A1E7A4F7556}") = "WebApi", "src\Web\WebApi.csproj", "{7668B948-1C1A-4316-9954-2E95DCA1BDEB}"
EndProject
Project("{2150E333-8FDC-42A3-9474-1A3956D46DE8}") = "tests", "tests", "{24A8F131-439C-4C48-9F96-C4F8B1AE9AAC}"
EndProject
Project("{9A19103F-16F7-4668-BE54-9A1E7A4F7556}") = "Application.FunctionalTests", "tests\Application.FunctionalTests\Application.FunctionalTests.csproj", "{E0067E23-824C-4FEA-843F-B70FB4B6A82E}"
EndProject
Project("{9A19103F-16F7-4668-BE54-9A1E7A4F7556}") = "Application.UnitTests", "tests\Application.UnitTests\Application.UnitTests.csproj", "{7EFD7E63-99F3-48FE-8D57-37CC9FE930A4}"
EndProject
Project("{9A19103F-16F7-4668-BE54-9A1E7A4F7556}") = "Architecture.Tests", "tests\Architecture.Tests\Architecture.Tests.csproj", "{BFFAEBE3-8248-4217-98E6-91BB02528602}"
EndProject
Project("{2150E333-8FDC-42A3-9474-1A3956D46DE8}") = "core", "core", "{F48F9363-A733-4253-B144-51218966F757}"
EndProject
Project("{9A19103F-16F7-4668-BE54-9A1E7A4F7556}") = "Application", "src\core\Application\Application.csproj", "{DFA4A0DD-4D58-4F1A-A83E-7E65501CB2E4}"
EndProject
Project("{9A19103F-16F7-4668-BE54-9A1E7A4F7556}") = "Domain", "src\core\Domain\Domain.csproj", "{D0D569B3-11F0-4B7E-AE0B-B982DB4F0CC2}"
EndProject
Project("{2150E333-8FDC-42A3-9474-1A3956D46DE8}") = "external", "external", "{2F4CA578-3A21-4229-A6F4-546502DD797F}"
EndProject
Project("{9A19103F-16F7-4668-BE54-9A1E7A4F7556}") = "Infrastructure", "src\external\Infrastructure\Infrastructure.csproj", "{B1D6ECB7-75B3-4883-8A60-E7DE35FB8998}"
EndProject
Global
	GlobalSection(SolutionConfigurationPlatforms) = preSolution
		Debug|Any CPU = Debug|Any CPU
		Release|Any CPU = Release|Any CPU
	EndGlobalSection
	GlobalSection(ProjectConfigurationPlatforms) = postSolution
		{7668B948-1C1A-4316-9954-2E95DCA1BDEB}.Debug|Any CPU.ActiveCfg = Debug|Any CPU
		{7668B948-1C1A-4316-9954-2E95DCA1BDEB}.Debug|Any CPU.Build.0 = Debug|Any CPU
		{7668B948-1C1A-4316-9954-2E95DCA1BDEB}.Release|Any CPU.ActiveCfg = Release|Any CPU
		{7668B948-1C1A-4316-9954-2E95DCA1BDEB}.Release|Any CPU.Build.0 = Release|Any CPU
		{E0067E23-824C-4FEA-843F-B70FB4B6A82E}.Debug|Any CPU.ActiveCfg = Debug|Any CPU
		{E0067E23-824C-4FEA-843F-B70FB4B6A82E}.Debug|Any CPU.Build.0 = Debug|Any CPU
		{E0067E23-824C-4FEA-843F-B70FB4B6A82E}.Release|Any CPU.ActiveCfg = Release|Any CPU
		{E0067E23-824C-4FEA-843F-B70FB4B6A82E}.Release|Any CPU.Build.0 = Release|Any CPU
		{7EFD7E63-99F3-48FE-8D57-37CC9FE930A4}.Debug|Any CPU.ActiveCfg = Debug|Any CPU
		{7EFD7E63-99F3-48FE-8D57-37CC9FE930A4}.Debug|Any CPU.Build.0 = Debug|Any CPU
		{7EFD7E63-99F3-48FE-8D57-37CC9FE930A4}.Release|Any CPU.ActiveCfg = Release|Any CPU
		{7EFD7E63-99F3-48FE-8D57-37CC9FE930A4}.Release|Any CPU.Build.0 = Release|Any CPU
		{BFFAEBE3-8248-4217-98E6-91BB02528602}.Debug|Any CPU.ActiveCfg = Debug|Any CPU
		{BFFAEBE3-8248-4217-98E6-91BB02528602}.Debug|Any CPU.Build.0 = Debug|Any CPU
		{BFFAEBE3-8248-4217-98E6-91BB02528602}.Release|Any CPU.ActiveCfg = Release|Any CPU
		{BFFAEBE3-8248-4217-98E6-91BB02528602}.Release|Any CPU.Build.0 = Release|Any CPU
		{DFA4A0DD-4D58-4F1A-A83E-7E65501CB2E4}.Debug|Any CPU.ActiveCfg = Debug|Any CPU
		{DFA4A0DD-4D58-4F1A-A83E-7E65501CB2E4}.Debug|Any CPU.Build.0 = Debug|Any CPU
		{DFA4A0DD-4D58-4F1A-A83E-7E65501CB2E4}.Release|Any CPU.ActiveCfg = Release|Any CPU
		{DFA4A0DD-4D58-4F1A-A83E-7E65501CB2E4}.Release|Any CPU.Build.0 = Release|Any CPU
		{D0D569B3-11F0-4B7E-AE0B-B982DB4F0CC2}.Debug|Any CPU.ActiveCfg = Debug|Any CPU
		{D0D569B3-11F0-4B7E-AE0B-B982DB4F0CC2}.Debug|Any CPU.Build.0 = Debug|Any CPU
		{D0D569B3-11F0-4B7E-AE0B-B982DB4F0CC2}.Release|Any CPU.ActiveCfg = Release|Any CPU
		{D0D569B3-11F0-4B7E-AE0B-B982DB4F0CC2}.Release|Any CPU.Build.0 = Release|Any CPU
		{B1D6ECB7-75B3-4883-8A60-E7DE35FB8998}.Debug|Any CPU.ActiveCfg = Debug|Any CPU
		{B1D6ECB7-75B3-4883-8A60-E7DE35FB8998}.Debug|Any CPU.Build.0 = Debug|Any CPU
		{B1D6ECB7-75B3-4883-8A60-E7DE35FB8998}.Release|Any CPU.ActiveCfg = Release|Any CPU
		{B1D6ECB7-75B3-4883-8A60-E7DE35FB8998}.Release|Any CPU.Build.0 = Release|Any CPU
	EndGlobalSection
	GlobalSection(SolutionProperties) = preSolution
		HideSolutionNode = FALSE
	EndGlobalSection
	GlobalSection(NestedProjects) = preSolution
		{7668B948-1C1A-4316-9954-2E95DCA1BDEB} = {E4C53B12-C291-490F-89BC-ED7DF04B8485}
		{E0067E23-824C-4FEA-843F-B70FB4B6A82E} = {24A8F131-439C-4C48-9F96-C4F8B1AE9AAC}
		{7EFD7E63-99F3-48FE-8D57-37CC9FE930A4} = {24A8F131-439C-4C48-9F96-C4F8B1AE9AAC}
		{BFFAEBE3-8248-4217-98E6-91BB02528602} = {24A8F131-439C-4C48-9F96-C4F8B1AE9AAC}
		{F48F9363-A733-4253-B144-51218966F757} = {E4C53B12-C291-490F-89BC-ED7DF04B8485}
		{DFA4A0DD-4D58-4F1A-A83E-7E65501CB2E4} = {F48F9363-A733-4253-B144-51218966F757}
		{D0D569B3-11F0-4B7E-AE0B-B982DB4F0CC2} = {F48F9363-A733-4253-B144-51218966F757}
		{2F4CA578-3A21-4229-A6F4-546502DD797F} = {E4C53B12-C291-490F-89BC-ED7DF04B8485}
		{B1D6ECB7-75B3-4883-8A60-E7DE35FB8998} = {2F4CA578-3A21-4229-A6F4-546502DD797F}
	EndGlobalSection
	GlobalSection(ExtensibilityGlobals) = postSolution
		SolutionGuid = {366C6B4C-701F-4AC4-BAC5-8D14440AEC71}
	EndGlobalSection
EndGlobal
