
Microsoft Visual Studio Solution File, Format Version 12.00
# Visual Studio Version 17
VisualStudioVersion = 17.5.002.0
MinimumVisualStudioVersion = 10.0.40219.1
Project("{2150E333-8FDC-42A3-9474-1A3956D46DE8}") = "src", "src", "{6CB667C2-BF8E-4FC4-A59A-10987858274E}"
EndProject
Project("{9A19103F-16F7-4668-BE54-9A1E7A4F7556}") = "WebApi", "src\Web\WebApi.csproj", "{01C7C437-BE80-4070-9751-9272D6D998DD}"
EndProject
Project("{2150E333-8FDC-42A3-9474-1A3956D46DE8}") = "tests", "tests", "{FB854BAB-18D5-4604-9C4E-B879157ECAF0}"
EndProject
Project("{9A19103F-16F7-4668-BE54-9A1E7A4F7556}") = "Application.FunctionalTests", "tests\Application.FunctionalTests\Application.FunctionalTests.csproj", "{6F8C0477-BB51-4658-8D6F-99B820F31B3C}"
EndProject
Project("{9A19103F-16F7-4668-BE54-9A1E7A4F7556}") = "Application.UnitTests", "tests\Application.UnitTests\Application.UnitTests.csproj", "{25B16197-40E2-471C-BDC5-375A2EE46BD1}"
EndProject
Project("{9A19103F-16F7-4668-BE54-9A1E7A4F7556}") = "Architecture.Tests", "tests\Architecture.Tests\Architecture.Tests.csproj", "{656A4771-1071-47B6-B2DD-96C1546F564E}"
EndProject
Project("{2150E333-8FDC-42A3-9474-1A3956D46DE8}") = "core", "core", "{8F81EE02-8238-4284-B6C0-F35A0025B541}"
EndProject
Project("{9A19103F-16F7-4668-BE54-9A1E7A4F7556}") = "Application", "src\core\Application\Application.csproj", "{03AD3B85-3EDB-4246-B330-2E5AACA6C058}"
EndProject
Project("{9A19103F-16F7-4668-BE54-9A1E7A4F7556}") = "Domain", "src\core\Domain\Domain.csproj", "{06B7B501-42FD-4B28-9C7C-45A0AF6CE342}"
EndProject
Project("{2150E333-8FDC-42A3-9474-1A3956D46DE8}") = "external", "external", "{DB2792FF-52A0-4DEE-93C6-C666050E6C6E}"
EndProject
Project("{9A19103F-16F7-4668-BE54-9A1E7A4F7556}") = "Infrastructure", "src\external\Infrastructure\Infrastructure.csproj", "{EA8CD837-4ABD-46BD-A0F9-BC09F654656D}"
EndProject
Global
	GlobalSection(SolutionConfigurationPlatforms) = preSolution
		Debug|Any CPU = Debug|Any CPU
		Release|Any CPU = Release|Any CPU
	EndGlobalSection
	GlobalSection(ProjectConfigurationPlatforms) = postSolution
		{01C7C437-BE80-4070-9751-9272D6D998DD}.Debug|Any CPU.ActiveCfg = Debug|Any CPU
		{01C7C437-BE80-4070-9751-9272D6D998DD}.Debug|Any CPU.Build.0 = Debug|Any CPU
		{01C7C437-BE80-4070-9751-9272D6D998DD}.Release|Any CPU.ActiveCfg = Release|Any CPU
		{01C7C437-BE80-4070-9751-9272D6D998DD}.Release|Any CPU.Build.0 = Release|Any CPU
		{6F8C0477-BB51-4658-8D6F-99B820F31B3C}.Debug|Any CPU.ActiveCfg = Debug|Any CPU
		{6F8C0477-BB51-4658-8D6F-99B820F31B3C}.Debug|Any CPU.Build.0 = Debug|Any CPU
		{6F8C0477-BB51-4658-8D6F-99B820F31B3C}.Release|Any CPU.ActiveCfg = Release|Any CPU
		{6F8C0477-BB51-4658-8D6F-99B820F31B3C}.Release|Any CPU.Build.0 = Release|Any CPU
		{25B16197-40E2-471C-BDC5-375A2EE46BD1}.Debug|Any CPU.ActiveCfg = Debug|Any CPU
		{25B16197-40E2-471C-BDC5-375A2EE46BD1}.Debug|Any CPU.Build.0 = Debug|Any CPU
		{25B16197-40E2-471C-BDC5-375A2EE46BD1}.Release|Any CPU.ActiveCfg = Release|Any CPU
		{25B16197-40E2-471C-BDC5-375A2EE46BD1}.Release|Any CPU.Build.0 = Release|Any CPU
		{656A4771-1071-47B6-B2DD-96C1546F564E}.Debug|Any CPU.ActiveCfg = Debug|Any CPU
		{656A4771-1071-47B6-B2DD-96C1546F564E}.Debug|Any CPU.Build.0 = Debug|Any CPU
		{656A4771-1071-47B6-B2DD-96C1546F564E}.Release|Any CPU.ActiveCfg = Release|Any CPU
		{656A4771-1071-47B6-B2DD-96C1546F564E}.Release|Any CPU.Build.0 = Release|Any CPU
		{03AD3B85-3EDB-4246-B330-2E5AACA6C058}.Debug|Any CPU.ActiveCfg = Debug|Any CPU
		{03AD3B85-3EDB-4246-B330-2E5AACA6C058}.Debug|Any CPU.Build.0 = Debug|Any CPU
		{03AD3B85-3EDB-4246-B330-2E5AACA6C058}.Release|Any CPU.ActiveCfg = Release|Any CPU
		{03AD3B85-3EDB-4246-B330-2E5AACA6C058}.Release|Any CPU.Build.0 = Release|Any CPU
		{06B7B501-42FD-4B28-9C7C-45A0AF6CE342}.Debug|Any CPU.ActiveCfg = Debug|Any CPU
		{06B7B501-42FD-4B28-9C7C-45A0AF6CE342}.Debug|Any CPU.Build.0 = Debug|Any CPU
		{06B7B501-42FD-4B28-9C7C-45A0AF6CE342}.Release|Any CPU.ActiveCfg = Release|Any CPU
		{06B7B501-42FD-4B28-9C7C-45A0AF6CE342}.Release|Any CPU.Build.0 = Release|Any CPU
		{EA8CD837-4ABD-46BD-A0F9-BC09F654656D}.Debug|Any CPU.ActiveCfg = Debug|Any CPU
		{EA8CD837-4ABD-46BD-A0F9-BC09F654656D}.Debug|Any CPU.Build.0 = Debug|Any CPU
		{EA8CD837-4ABD-46BD-A0F9-BC09F654656D}.Release|Any CPU.ActiveCfg = Release|Any CPU
		{EA8CD837-4ABD-46BD-A0F9-BC09F654656D}.Release|Any CPU.Build.0 = Release|Any CPU
	EndGlobalSection
	GlobalSection(SolutionProperties) = preSolution
		HideSolutionNode = FALSE
	EndGlobalSection
	GlobalSection(NestedProjects) = preSolution
		{01C7C437-BE80-4070-9751-9272D6D998DD} = {6CB667C2-BF8E-4FC4-A59A-10987858274E}
		{6F8C0477-BB51-4658-8D6F-99B820F31B3C} = {FB854BAB-18D5-4604-9C4E-B879157ECAF0}
		{25B16197-40E2-471C-BDC5-375A2EE46BD1} = {FB854BAB-18D5-4604-9C4E-B879157ECAF0}
		{656A4771-1071-47B6-B2DD-96C1546F564E} = {FB854BAB-18D5-4604-9C4E-B879157ECAF0}
		{8F81EE02-8238-4284-B6C0-F35A0025B541} = {6CB667C2-BF8E-4FC4-A59A-10987858274E}
		{03AD3B85-3EDB-4246-B330-2E5AACA6C058} = {8F81EE02-8238-4284-B6C0-F35A0025B541}
		{06B7B501-42FD-4B28-9C7C-45A0AF6CE342} = {8F81EE02-8238-4284-B6C0-F35A0025B541}
		{DB2792FF-52A0-4DEE-93C6-C666050E6C6E} = {6CB667C2-BF8E-4FC4-A59A-10987858274E}
		{EA8CD837-4ABD-46BD-A0F9-BC09F654656D} = {DB2792FF-52A0-4DEE-93C6-C666050E6C6E}
	EndGlobalSection
	GlobalSection(ExtensibilityGlobals) = postSolution
		SolutionGuid = {366C6B4C-701F-4AC4-BAC5-8D14440AEC71}
	EndGlobalSection
EndGlobal
